
Microsoft Visual Studio Solution File, Format Version 12.00
# Visual Studio Version 17
VisualStudioVersion = 17.8.34322.80
MinimumVisualStudioVersion = 10.0.40219.1
Project("{FAE04EC0-301F-11D3-BF4B-00C04F79EFBC}") = "ClassLibrary1", "ClassLibrary1\ClassLibrary1.csproj", "{6723096D-E9F6-4102-B12F-A9C797486E62}"
EndProject
Project("{FAE04EC0-301F-11D3-BF4B-00C04F79EFBC}") = "ConsoleApp1", "ConsoleApp1\ConsoleApp1.csproj", "{0BF8DF9E-0C87-4FDA-A625-8DD3551CD847}"
EndProject
Global
	GlobalSection(SolutionConfigurationPlatforms) = preSolution
		Debug|Any CPU = Debug|Any CPU
		Release|Any CPU = Release|Any CPU
	EndGlobalSection
	GlobalSection(ProjectConfigurationPlatforms) = postSolution
		{6723096D-E9F6-4102-B12F-A9C797486E62}.Debug|Any CPU.ActiveCfg = Debug|Any CPU
		{6723096D-E9F6-4102-B12F-A9C797486E62}.Debug|Any CPU.Build.0 = Debug|Any CPU
		{6723096D-E9F6-4102-B12F-A9C797486E62}.Release|Any CPU.ActiveCfg = Release|Any CPU
		{6723096D-E9F6-4102-B12F-A9C797486E62}.Release|Any CPU.Build.0 = Release|Any CPU
		{0BF8DF9E-0C87-4FDA-A625-8DD3551CD847}.Debug|Any CPU.ActiveCfg = Debug|Any CPU
		{0BF8DF9E-0C87-4FDA-A625-8DD3551CD847}.Debug|Any CPU.Build.0 = Debug|Any CPU
		{0BF8DF9E-0C87-4FDA-A625-8DD3551CD847}.Release|Any CPU.ActiveCfg = Release|Any CPU
		{0BF8DF9E-0C87-4FDA-A625-8DD3551CD847}.Release|Any CPU.Build.0 = Release|Any CPU
	EndGlobalSection
	GlobalSection(SolutionProperties) = preSolution
		HideSolutionNode = FALSE
	EndGlobalSection
	GlobalSection(ExtensibilityGlobals) = postSolution
		SolutionGuid = {663F42CB-887B-4A30-A3A4-45D8F58BF20C}
	EndGlobalSection
EndGlobal
